
Microsoft Visual Studio Solution File, Format Version 12.00
# Visual Studio Version 17
VisualStudioVersion = 17.9.34622.214
MinimumVisualStudioVersion = 10.0.40219.1
Project("{9A19103F-16F7-4668-BE54-9A1E7A4F7556}") = "CoreMVC002", "CoreMVC002\CoreMVC002.csproj", "{DFD5FC72-C46D-488B-8123-28CA69612706}"
EndProject
Global
	GlobalSection(SolutionConfigurationPlatforms) = preSolution
		Debug|Any CPU = Debug|Any CPU
		Release|Any CPU = Release|Any CPU
	EndGlobalSection
	GlobalSection(ProjectConfigurationPlatforms) = postSolution
		{DFD5FC72-C46D-488B-8123-28CA69612706}.Debug|Any CPU.ActiveCfg = Debug|Any CPU
		{DFD5FC72-C46D-488B-8123-28CA69612706}.Debug|Any CPU.Build.0 = Debug|Any CPU
		{DFD5FC72-C46D-488B-8123-28CA69612706}.Release|Any CPU.ActiveCfg = Release|Any CPU
		{DFD5FC72-C46D-488B-8123-28CA69612706}.Release|Any CPU.Build.0 = Release|Any CPU
	EndGlobalSection
	GlobalSection(SolutionProperties) = preSolution
		HideSolutionNode = FALSE
	EndGlobalSection
	GlobalSection(ExtensibilityGlobals) = postSolution
		SolutionGuid = {8D2FDE2E-141C-4C19-BA18-8F02F77E8FCF}
	EndGlobalSection
EndGlobal
